# This file is automatically @generated by Poetry and should not be changed by hand.

[[package]]
name = "pyglet"
version = "2.0.2.1"
description = "Cross-platform windowing and multimedia library"
category = "main"
optional = false
python-versions = "*"
files = [
    {file = "pyglet-2.0.2.1-py3-none-any.whl", hash = "sha256:28d78881bed68abc04a00d5f29cfb9e38fe66b93f5b208a6425c4060632033bf"},
    {file = "pyglet-2.0.2.1.zip", hash = "sha256:5a89c68dda280f761bdeb0216b9dfa027fb2e27519a0ea3c16f6558b204f1e5f"},
]

[metadata]
lock-version = "2.0"
python-versions = "^3.11"
content-hash = "f4eb003a28e96174a1a1691d2ea6a74a864d6d6da69b51b946558d525fafd730"
